Microsoft Visual Studio Solution File, Format Version 11.00
# Visual Studio 2008

Project("{4050815C-8532-7EC7-7202-E108652E2DA1}") = "DiscoverDundee", "Assembly-CSharp.csproj", "{A0A17A99-8490-CD8A-E9A1-4C3668D46FF9}"
EndProject
Global
	GlobalSection(SolutionConfigurationPlatforms) = preSolution
		Debug|Any CPU = Debug|Any CPU
		Release|Any CPU = Release|Any CPU
	EndGlobalSection
	GlobalSection(ProjectConfigurationPlatforms) = postSolution
		{A0A17A99-8490-CD8A-E9A1-4C3668D46FF9}.Debug|Any CPU.ActiveCfg = Debug|Any CPU
		{A0A17A99-8490-CD8A-E9A1-4C3668D46FF9}.Debug|Any CPU.Build.0 = Debug|Any CPU
		{A0A17A99-8490-CD8A-E9A1-4C3668D46FF9}.Release|Any CPU.ActiveCfg = Release|Any CPU
		{A0A17A99-8490-CD8A-E9A1-4C3668D46FF9}.Release|Any CPU.Build.0 = Release|Any CPU
	EndGlobalSection
	GlobalSection(SolutionProperties) = preSolution
		HideSolutionNode = FALSE
	EndGlobalSection
	GlobalSection(MonoDevelopProperties) = preSolution
		StartupItem = Assembly-CSharp.csproj
	EndGlobalSection
EndGlobal
